// !$*UTF8*$!
{
	archiveVersion = 1;
	classes = {
	};
	objectVersion = 52;
	objects = {

/* Begin PBXBuildFile section */
		C14FA51B24D1CBD4008CA79C /* AppDelegate.swift in Sources */ = {isa = PBXBuildFile; fileRef = C14FA51A24D1CBD4008CA79C /* AppDelegate.swift */; };
		C14FA51D24D1CBD4008CA79C /* SceneDelegate.swift in Sources */ = {isa = PBXBuildFile; fileRef = C14FA51C24D1CBD4008CA79C /* SceneDelegate.swift */; };
		C14FA52524D1CBD4008CA79C /* TestProblem_Dogs.xcdatamodeld in Sources */ = {isa = PBXBuildFile; fileRef = C14FA52324D1CBD4008CA79C /* TestProblem_Dogs.xcdatamodeld */; };
		C14FA52724D1CBD6008CA79C /* Assets.xcassets in Resources */ = {isa = PBXBuildFile; fileRef = C14FA52624D1CBD6008CA79C /* Assets.xcassets */; };
		C14FA52A24D1CBD6008CA79C /* LaunchScreen.storyboard in Resources */ = {isa = PBXBuildFile; fileRef = C14FA52824D1CBD6008CA79C /* LaunchScreen.storyboard */; };
		C14FA53A24D1D4E6008CA79C /* MainTabBarController.swift in Sources */ = {isa = PBXBuildFile; fileRef = C14FA53924D1D4E6008CA79C /* MainTabBarController.swift */; };
		C14FA53C24D1D611008CA79C /* BreedsViewController.swift in Sources */ = {isa = PBXBuildFile; fileRef = C14FA53B24D1D611008CA79C /* BreedsViewController.swift */; };
		C14FA54024D1DC76008CA79C /* BreedsNavigationController.swift in Sources */ = {isa = PBXBuildFile; fileRef = C14FA53F24D1DC76008CA79C /* BreedsNavigationController.swift */; };
		C14FA54224D1DCD8008CA79C /* FavouritesNavigationController.swift in Sources */ = {isa = PBXBuildFile; fileRef = C14FA54124D1DCD8008CA79C /* FavouritesNavigationController.swift */; };
		C14FA54524D1EC51008CA79C /* Alamofire in Frameworks */ = {isa = PBXBuildFile; productRef = C14FA54424D1EC51008CA79C /* Alamofire */; };
		C14FA54724D1ED25008CA79C /* BreedsModel.swift in Sources */ = {isa = PBXBuildFile; fileRef = C14FA54624D1ED25008CA79C /* BreedsModel.swift */; };
		C14FA54D24D29F62008CA79C /* BreedsModelProtocol.swift in Sources */ = {isa = PBXBuildFile; fileRef = C14FA54C24D29F62008CA79C /* BreedsModelProtocol.swift */; };
		C14FA54F24D2A057008CA79C /* BreedsModelDelegate.swift in Sources */ = {isa = PBXBuildFile; fileRef = C14FA54E24D2A057008CA79C /* BreedsModelDelegate.swift */; };
		C14FA55124D2A2DE008CA79C /* Breed.swift in Sources */ = {isa = PBXBuildFile; fileRef = C14FA55024D2A2DE008CA79C /* Breed.swift */; };
		C14FA55424D2AA8A008CA79C /* DogsService.swift in Sources */ = {isa = PBXBuildFile; fileRef = C14FA55324D2AA8A008CA79C /* DogsService.swift */; };
		C14FA55624D2AADC008CA79C /* DogsServiceProtocol.swift in Sources */ = {isa = PBXBuildFile; fileRef = C14FA55524D2AADC008CA79C /* DogsServiceProtocol.swift */; };
		C16E285E24D44BF6009782CE /* Kingfisher in Frameworks */ = {isa = PBXBuildFile; productRef = C16E285D24D44BF6009782CE /* Kingfisher */; };
		C16E286024D47FE7009782CE /* PhotosViewController.swift in Sources */ = {isa = PBXBuildFile; fileRef = C16E285F24D47FE7009782CE /* PhotosViewController.swift */; };
		C16E286224D547F9009782CE /* HeartButton.swift in Sources */ = {isa = PBXBuildFile; fileRef = C16E286124D547F9009782CE /* HeartButton.swift */; };
		C16E286524D5CB1C009782CE /* RealmSwift in Frameworks */ = {isa = PBXBuildFile; productRef = C16E286424D5CB1C009782CE /* RealmSwift */; };
		C16E286724D6E453009782CE /* PhotoCollectionViewCell.swift in Sources */ = {isa = PBXBuildFile; fileRef = C16E286624D6E453009782CE /* PhotoCollectionViewCell.swift */; };
		C16E286924D7170A009782CE /* FavouritesModel.swift in Sources */ = {isa = PBXBuildFile; fileRef = C16E286824D7170A009782CE /* FavouritesModel.swift */; };
		C16E286B24D71BFA009782CE /* FavouritesModelProtocol.swift in Sources */ = {isa = PBXBuildFile; fileRef = C16E286A24D71BFA009782CE /* FavouritesModelProtocol.swift */; };
		C16E286D24D71C05009782CE /* FavouritesModelDelegate.swift in Sources */ = {isa = PBXBuildFile; fileRef = C16E286C24D71C05009782CE /* FavouritesModelDelegate.swift */; };
		C18C30B124D2FA75001807B9 /* TableViewCell.swift in Sources */ = {isa = PBXBuildFile; fileRef = C18C30AF24D2FA75001807B9 /* TableViewCell.swift */; };
		C18C30B924D35494001807B9 /* PhotosModel.swift in Sources */ = {isa = PBXBuildFile; fileRef = C18C30B824D35494001807B9 /* PhotosModel.swift */; };
		C18C30BB24D354D7001807B9 /* PhotosModelProtocol.swift in Sources */ = {isa = PBXBuildFile; fileRef = C18C30BA24D354D7001807B9 /* PhotosModelProtocol.swift */; };
		C18C30BD24D354E4001807B9 /* PhotosModelDelegate.swift in Sources */ = {isa = PBXBuildFile; fileRef = C18C30BC24D354E4001807B9 /* PhotosModelDelegate.swift */; };
/* End PBXBuildFile section */

/* Begin PBXFileReference section */
		C14FA51724D1CBD4008CA79C /* TestProblem-Dogs.app */ = {isa = PBXFileReference; explicitFileType = wrapper.application; includeInIndex = 0; path = "TestProblem-Dogs.app"; sourceTree = BUILT_PRODUCTS_DIR; };
		C14FA51A24D1CBD4008CA79C /* AppDelegate.swift */ = {isa = PBXFileReference; lastKnownFileType = sourcecode.swift; path = AppDelegate.swift; sourceTree = "<group>"; };
		C14FA51C24D1CBD4008CA79C /* SceneDelegate.swift */ = {isa = PBXFileReference; lastKnownFileType = sourcecode.swift; path = SceneDelegate.swift; sourceTree = "<group>"; };
		C14FA52424D1CBD4008CA79C /* TestProblem_Dogs.xcdatamodel */ = {isa = PBXFileReference; lastKnownFileType = wrapper.xcdatamodel; path = TestProblem_Dogs.xcdatamodel; sourceTree = "<group>"; };
		C14FA52624D1CBD6008CA79C /* Assets.xcassets */ = {isa = PBXFileReference; lastKnownFileType = folder.assetcatalog; path = Assets.xcassets; sourceTree = "<group>"; };
		C14FA52924D1CBD6008CA79C /* Base */ = {isa = PBXFileReference; lastKnownFileType = file.storyboard; name = Base; path = Base.lproj/LaunchScreen.storyboard; sourceTree = "<group>"; };
		C14FA52B24D1CBD6008CA79C /* Info.plist */ = {isa = PBXFileReference; lastKnownFileType = text.plist.xml; path = Info.plist; sourceTree = "<group>"; };
		C14FA53924D1D4E6008CA79C /* MainTabBarController.swift */ = {isa = PBXFileReference; lastKnownFileType = sourcecode.swift; path = MainTabBarController.swift; sourceTree = "<group>"; };
		C14FA53B24D1D611008CA79C /* BreedsViewController.swift */ = {isa = PBXFileReference; lastKnownFileType = sourcecode.swift; path = BreedsViewController.swift; sourceTree = "<group>"; };
		C14FA53F24D1DC76008CA79C /* BreedsNavigationController.swift */ = {isa = PBXFileReference; lastKnownFileType = sourcecode.swift; path = BreedsNavigationController.swift; sourceTree = "<group>"; };
		C14FA54124D1DCD8008CA79C /* FavouritesNavigationController.swift */ = {isa = PBXFileReference; lastKnownFileType = sourcecode.swift; path = FavouritesNavigationController.swift; sourceTree = "<group>"; };
		C14FA54624D1ED25008CA79C /* BreedsModel.swift */ = {isa = PBXFileReference; lastKnownFileType = sourcecode.swift; path = BreedsModel.swift; sourceTree = "<group>"; };
		C14FA54C24D29F62008CA79C /* BreedsModelProtocol.swift */ = {isa = PBXFileReference; lastKnownFileType = sourcecode.swift; path = BreedsModelProtocol.swift; sourceTree = "<group>"; };
		C14FA54E24D2A057008CA79C /* BreedsModelDelegate.swift */ = {isa = PBXFileReference; lastKnownFileType = sourcecode.swift; path = BreedsModelDelegate.swift; sourceTree = "<group>"; };
		C14FA55024D2A2DE008CA79C /* Breed.swift */ = {isa = PBXFileReference; lastKnownFileType = sourcecode.swift; path = Breed.swift; sourceTree = "<group>"; };
		C14FA55324D2AA8A008CA79C /* DogsService.swift */ = {isa = PBXFileReference; lastKnownFileType = sourcecode.swift; path = DogsService.swift; sourceTree = "<group>"; };
		C14FA55524D2AADC008CA79C /* DogsServiceProtocol.swift */ = {isa = PBXFileReference; lastKnownFileType = sourcecode.swift; path = DogsServiceProtocol.swift; sourceTree = "<group>"; };
		C16E285F24D47FE7009782CE /* PhotosViewController.swift */ = {isa = PBXFileReference; lastKnownFileType = sourcecode.swift; path = PhotosViewController.swift; sourceTree = "<group>"; };
		C16E286124D547F9009782CE /* HeartButton.swift */ = {isa = PBXFileReference; lastKnownFileType = sourcecode.swift; path = HeartButton.swift; sourceTree = "<group>"; };
		C16E286624D6E453009782CE /* PhotoCollectionViewCell.swift */ = {isa = PBXFileReference; lastKnownFileType = sourcecode.swift; path = PhotoCollectionViewCell.swift; sourceTree = "<group>"; };
		C16E286824D7170A009782CE /* FavouritesModel.swift */ = {isa = PBXFileReference; lastKnownFileType = sourcecode.swift; path = FavouritesModel.swift; sourceTree = "<group>"; };
		C16E286A24D71BFA009782CE /* FavouritesModelProtocol.swift */ = {isa = PBXFileReference; lastKnownFileType = sourcecode.swift; path = FavouritesModelProtocol.swift; sourceTree = "<group>"; };
		C16E286C24D71C05009782CE /* FavouritesModelDelegate.swift */ = {isa = PBXFileReference; lastKnownFileType = sourcecode.swift; path = FavouritesModelDelegate.swift; sourceTree = "<group>"; };
		C18C30AF24D2FA75001807B9 /* TableViewCell.swift */ = {isa = PBXFileReference; lastKnownFileType = sourcecode.swift; path = TableViewCell.swift; sourceTree = "<group>"; };
		C18C30B824D35494001807B9 /* PhotosModel.swift */ = {isa = PBXFileReference; lastKnownFileType = sourcecode.swift; path = PhotosModel.swift; sourceTree = "<group>"; };
		C18C30BA24D354D7001807B9 /* PhotosModelProtocol.swift */ = {isa = PBXFileReference; lastKnownFileType = sourcecode.swift; path = PhotosModelProtocol.swift; sourceTree = "<group>"; };
		C18C30BC24D354E4001807B9 /* PhotosModelDelegate.swift */ = {isa = PBXFileReference; lastKnownFileType = sourcecode.swift; path = PhotosModelDelegate.swift; sourceTree = "<group>"; };
/* End PBXFileReference section */

/* Begin PBXFrameworksBuildPhase section */
		C14FA51424D1CBD4008CA79C /* Frameworks */ = {
			isa = PBXFrameworksBuildPhase;
			buildActionMask = 2147483647;
			files = (
				C16E286524D5CB1C009782CE /* RealmSwift in Frameworks */,
				C16E285E24D44BF6009782CE /* Kingfisher in Frameworks */,
				C14FA54524D1EC51008CA79C /* Alamofire in Frameworks */,
			);
			runOnlyForDeploymentPostprocessing = 0;
		};
/* End PBXFrameworksBuildPhase section */

/* Begin PBXGroup section */
		C14FA50E24D1CBD4008CA79C = {
			isa = PBXGroup;
			children = (
				C14FA51924D1CBD4008CA79C /* TestProblem-Dogs */,
				C14FA51824D1CBD4008CA79C /* Products */,
			);
			sourceTree = "<group>";
		};
		C14FA51824D1CBD4008CA79C /* Products */ = {
			isa = PBXGroup;
			children = (
				C14FA51724D1CBD4008CA79C /* TestProblem-Dogs.app */,
			);
			name = Products;
			sourceTree = "<group>";
		};
		C14FA51924D1CBD4008CA79C /* TestProblem-Dogs */ = {
			isa = PBXGroup;
			children = (
				C14FA53124D1CC2D008CA79C /* Source */,
				C14FA52824D1CBD6008CA79C /* LaunchScreen.storyboard */,
				C14FA52624D1CBD6008CA79C /* Assets.xcassets */,
				C14FA52B24D1CBD6008CA79C /* Info.plist */,
				C14FA52324D1CBD4008CA79C /* TestProblem_Dogs.xcdatamodeld */,
			);
			path = "TestProblem-Dogs";
			sourceTree = "<group>";
		};
		C14FA53124D1CC2D008CA79C /* Source */ = {
			isa = PBXGroup;
			children = (
				C14FA51A24D1CBD4008CA79C /* AppDelegate.swift */,
				C14FA51C24D1CBD4008CA79C /* SceneDelegate.swift */,
				C14FA53424D1CC4F008CA79C /* Controller */,
				C14FA53324D1CC48008CA79C /* View */,
				C14FA53224D1CC42008CA79C /* Model */,
				C14FA55224D2AA6C008CA79C /* Service */,
			);
			path = Source;
			sourceTree = "<group>";
		};
		C14FA53224D1CC42008CA79C /* Model */ = {
			isa = PBXGroup;
			children = (
				C14FA55024D2A2DE008CA79C /* Breed.swift */,
				C14FA54624D1ED25008CA79C /* BreedsModel.swift */,
				C14FA54C24D29F62008CA79C /* BreedsModelProtocol.swift */,
				C14FA54E24D2A057008CA79C /* BreedsModelDelegate.swift */,
				C18C30B824D35494001807B9 /* PhotosModel.swift */,
				C18C30BA24D354D7001807B9 /* PhotosModelProtocol.swift */,
				C18C30BC24D354E4001807B9 /* PhotosModelDelegate.swift */,
				C16E286824D7170A009782CE /* FavouritesModel.swift */,
				C16E286A24D71BFA009782CE /* FavouritesModelProtocol.swift */,
				C16E286C24D71C05009782CE /* FavouritesModelDelegate.swift */,
			);
			path = Model;
			sourceTree = "<group>";
		};
		C14FA53324D1CC48008CA79C /* View */ = {
			isa = PBXGroup;
			children = (
				C18C30AF24D2FA75001807B9 /* TableViewCell.swift */,
				C16E286124D547F9009782CE /* HeartButton.swift */,
				C16E286624D6E453009782CE /* PhotoCollectionViewCell.swift */,
			);
			path = View;
			sourceTree = "<group>";
		};
		C14FA53424D1CC4F008CA79C /* Controller */ = {
			isa = PBXGroup;
			children = (
				C14FA53924D1D4E6008CA79C /* MainTabBarController.swift */,
				C14FA53F24D1DC76008CA79C /* BreedsNavigationController.swift */,
				C14FA53B24D1D611008CA79C /* BreedsViewController.swift */,
				C16E285F24D47FE7009782CE /* PhotosViewController.swift */,
				C14FA54124D1DCD8008CA79C /* FavouritesNavigationController.swift */,
			);
			path = Controller;
			sourceTree = "<group>";
		};
		C14FA55224D2AA6C008CA79C /* Service */ = {
			isa = PBXGroup;
			children = (
				C14FA55324D2AA8A008CA79C /* DogsService.swift */,
				C14FA55524D2AADC008CA79C /* DogsServiceProtocol.swift */,
			);
			path = Service;
			sourceTree = "<group>";
		};
/* End PBXGroup section */

/* Begin PBXNativeTarget section */
		C14FA51624D1CBD4008CA79C /* TestProblem-Dogs */ = {
			isa = PBXNativeTarget;
			buildConfigurationList = C14FA52E24D1CBD6008CA79C /* Build configuration list for PBXNativeTarget "TestProblem-Dogs" */;
			buildPhases = (
				C14FA51324D1CBD4008CA79C /* Sources */,
				C14FA51424D1CBD4008CA79C /* Frameworks */,
				C14FA51524D1CBD4008CA79C /* Resources */,
			);
			buildRules = (
			);
			dependencies = (
			);
			name = "TestProblem-Dogs";
			packageProductDependencies = (
				C14FA54424D1EC51008CA79C /* Alamofire */,
				C16E285D24D44BF6009782CE /* Kingfisher */,
				C16E286424D5CB1C009782CE /* RealmSwift */,
			);
			productName = "TestProblem-Dogs";
			productReference = C14FA51724D1CBD4008CA79C /* TestProblem-Dogs.app */;
			productType = "com.apple.product-type.application";
		};
/* End PBXNativeTarget section */

/* Begin PBXProject section */
		C14FA50F24D1CBD4008CA79C /* Project object */ = {
			isa = PBXProject;
			attributes = {
				LastSwiftUpdateCheck = 1200;
				LastUpgradeCheck = 1200;
				TargetAttributes = {
					C14FA51624D1CBD4008CA79C = {
						CreatedOnToolsVersion = 12.0;
					};
				};
			};
			buildConfigurationList = C14FA51224D1CBD4008CA79C /* Build configuration list for PBXProject "TestProblem-Dogs" */;
			compatibilityVersion = "Xcode 9.3";
			developmentRegion = en;
			hasScannedForEncodings = 0;
			knownRegions = (
				en,
				Base,
			);
			mainGroup = C14FA50E24D1CBD4008CA79C;
			packageReferences = (
				C14FA54324D1EC51008CA79C /* XCRemoteSwiftPackageReference "Alamofire" */,
				C16E285C24D44BF6009782CE /* XCRemoteSwiftPackageReference "Kingfisher" */,
				C16E286324D5CB1C009782CE /* XCRemoteSwiftPackageReference "realm-cocoa" */,
			);
			productRefGroup = C14FA51824D1CBD4008CA79C /* Products */;
			projectDirPath = "";
			projectRoot = "";
			targets = (
				C14FA51624D1CBD4008CA79C /* TestProblem-Dogs */,
			);
		};
/* End PBXProject section */

/* Begin PBXResourcesBuildPhase section */
		C14FA51524D1CBD4008CA79C /* Resources */ = {
			isa = PBXResourcesBuildPhase;
			buildActionMask = 2147483647;
			files = (
				C14FA52A24D1CBD6008CA79C /* LaunchScreen.storyboard in Resources */,
				C14FA52724D1CBD6008CA79C /* Assets.xcassets in Resources */,
			);
			runOnlyForDeploymentPostprocessing = 0;
		};
/* End PBXResourcesBuildPhase section */

/* Begin PBXSourcesBuildPhase section */
		C14FA51324D1CBD4008CA79C /* Sources */ = {
			isa = PBXSourcesBuildPhase;
			buildActionMask = 2147483647;
			files = (
				C16E286224D547F9009782CE /* HeartButton.swift in Sources */,
				C16E286724D6E453009782CE /* PhotoCollectionViewCell.swift in Sources */,
				C18C30B124D2FA75001807B9 /* TableViewCell.swift in Sources */,
				C14FA54724D1ED25008CA79C /* BreedsModel.swift in Sources */,
				C14FA55424D2AA8A008CA79C /* DogsService.swift in Sources */,
				C14FA55624D2AADC008CA79C /* DogsServiceProtocol.swift in Sources */,
				C18C30BD24D354E4001807B9 /* PhotosModelDelegate.swift in Sources */,
				C14FA51B24D1CBD4008CA79C /* AppDelegate.swift in Sources */,
				C14FA53A24D1D4E6008CA79C /* MainTabBarController.swift in Sources */,
				C14FA54F24D2A057008CA79C /* BreedsModelDelegate.swift in Sources */,
				C16E286924D7170A009782CE /* FavouritesModel.swift in Sources */,
				C16E286024D47FE7009782CE /* PhotosViewController.swift in Sources */,
				C14FA54224D1DCD8008CA79C /* FavouritesNavigationController.swift in Sources */,
				C14FA52524D1CBD4008CA79C /* TestProblem_Dogs.xcdatamodeld in Sources */,
				C14FA55124D2A2DE008CA79C /* Breed.swift in Sources */,
				C18C30B924D35494001807B9 /* PhotosModel.swift in Sources */,
				C14FA53C24D1D611008CA79C /* BreedsViewController.swift in Sources */,
				C18C30BB24D354D7001807B9 /* PhotosModelProtocol.swift in Sources */,
				C14FA54D24D29F62008CA79C /* BreedsModelProtocol.swift in Sources */,
				C14FA51D24D1CBD4008CA79C /* SceneDelegate.swift in Sources */,
				C16E286D24D71C05009782CE /* FavouritesModelDelegate.swift in Sources */,
				C14FA54024D1DC76008CA79C /* BreedsNavigationController.swift in Sources */,
				C16E286B24D71BFA009782CE /* FavouritesModelProtocol.swift in Sources */,
			);
			runOnlyForDeploymentPostprocessing = 0;
		};
/* End PBXSourcesBuildPhase section */

/* Begin PBXVariantGroup section */
		C14FA52824D1CBD6008CA79C /* LaunchScreen.storyboard */ = {
			isa = PBXVariantGroup;
			children = (
				C14FA52924D1CBD6008CA79C /* Base */,
			);
			name = LaunchScreen.storyboard;
			sourceTree = "<group>";
		};
/* End PBXVariantGroup section */

/* Begin XCBuildConfiguration section */
		C14FA52C24D1CBD6008CA79C /* Debug */ = {
			isa = XCBuildConfiguration;
			buildSettings = {
				ALWAYS_SEARCH_USER_PATHS = NO;
				CLANG_ANALYZER_NONNULL = YES;
				CLANG_ANALYZER_NUMBER_OBJECT_CONVERSION = YES_AGGRESSIVE;
				CLANG_CXX_LANGUAGE_STANDARD = "gnu++14";
				CLANG_CXX_LIBRARY = "libc++";
				CLANG_ENABLE_MODULES = YES;
				CLANG_ENABLE_OBJC_ARC = YES;
				CLANG_ENABLE_OBJC_WEAK = YES;
				CLANG_WARN_BLOCK_CAPTURE_AUTORELEASING = YES;
				CLANG_WARN_BOOL_CONVERSION = YES;
				CLANG_WARN_COMMA = YES;
				CLANG_WARN_CONSTANT_CONVERSION = YES;
				CLANG_WARN_DEPRECATED_OBJC_IMPLEMENTATIONS = YES;
				CLANG_WARN_DIRECT_OBJC_ISA_USAGE = YES_ERROR;
				CLANG_WARN_DOCUMENTATION_COMMENTS = YES;
				CLANG_WARN_EMPTY_BODY = YES;
				CLANG_WARN_ENUM_CONVERSION = YES;
				CLANG_WARN_INFINITE_RECURSION = YES;
				CLANG_WARN_INT_CONVERSION = YES;
				CLANG_WARN_NON_LITERAL_NULL_CONVERSION = YES;
				CLANG_WARN_OBJC_IMPLICIT_RETAIN_SELF = YES;
				CLANG_WARN_OBJC_LITERAL_CONVERSION = YES;
				CLANG_WARN_OBJC_ROOT_CLASS = YES_ERROR;
				CLANG_WARN_QUOTED_INCLUDE_IN_FRAMEWORK_HEADER = YES;
				CLANG_WARN_RANGE_LOOP_ANALYSIS = YES;
				CLANG_WARN_STRICT_PROTOTYPES = YES;
				CLANG_WARN_SUSPICIOUS_MOVE = YES;
				CLANG_WARN_UNGUARDED_AVAILABILITY = YES_AGGRESSIVE;
				CLANG_WARN_UNREACHABLE_CODE = YES;
				CLANG_WARN__DUPLICATE_METHOD_MATCH = YES;
				COPY_PHASE_STRIP = NO;
				DEBUG_INFORMATION_FORMAT = dwarf;
				ENABLE_STRICT_OBJC_MSGSEND = YES;
				ENABLE_TESTABILITY = YES;
				GCC_C_LANGUAGE_STANDARD = gnu11;
				GCC_DYNAMIC_NO_PIC = NO;
				GCC_NO_COMMON_BLOCKS = YES;
				GCC_OPTIMIZATION_LEVEL = 0;
				GCC_PREPROCESSOR_DEFINITIONS = (
					"DEBUG=1",
					"$(inherited)",
				);
				GCC_WARN_64_TO_32_BIT_CONVERSION = YES;
				GCC_WARN_ABOUT_RETURN_TYPE = YES_ERROR;
				GCC_WARN_UNDECLARED_SELECTOR = YES;
				GCC_WARN_UNINITIALIZED_AUTOS = YES_AGGRESSIVE;
				GCC_WARN_UNUSED_FUNCTION = YES;
				GCC_WARN_UNUSED_VARIABLE = YES;
				IPHONEOS_DEPLOYMENT_TARGET = 13.5;
				MTL_ENABLE_DEBUG_INFO = INCLUDE_SOURCE;
				MTL_FAST_MATH = YES;
				ONLY_ACTIVE_ARCH = YES;
				SDKROOT = iphoneos;
				SWIFT_ACTIVE_COMPILATION_CONDITIONS = DEBUG;
				SWIFT_OPTIMIZATION_LEVEL = "-Onone";
			};
			name = Debug;
		};
		C14FA52D24D1CBD6008CA79C /* Release */ = {
			isa = XCBuildConfiguration;
			buildSettings = {
				ALWAYS_SEARCH_USER_PATHS = NO;
				CLANG_ANALYZER_NONNULL = YES;
				CLANG_ANALYZER_NUMBER_OBJECT_CONVERSION = YES_AGGRESSIVE;
				CLANG_CXX_LANGUAGE_STANDARD = "gnu++14";
				CLANG_CXX_LIBRARY = "libc++";
				CLANG_ENABLE_MODULES = YES;
				CLANG_ENABLE_OBJC_ARC = YES;
				CLANG_ENABLE_OBJC_WEAK = YES;
				CLANG_WARN_BLOCK_CAPTURE_AUTORELEASING = YES;
				CLANG_WARN_BOOL_CONVERSION = YES;
				CLANG_WARN_COMMA = YES;
				CLANG_WARN_CONSTANT_CONVERSION = YES;
				CLANG_WARN_DEPRECATED_OBJC_IMPLEMENTATIONS = YES;
				CLANG_WARN_DIRECT_OBJC_ISA_USAGE = YES_ERROR;
				CLANG_WARN_DOCUMENTATION_COMMENTS = YES;
				CLANG_WARN_EMPTY_BODY = YES;
				CLANG_WARN_ENUM_CONVERSION = YES;
				CLANG_WARN_INFINITE_RECURSION = YES;
				CLANG_WARN_INT_CONVERSION = YES;
				CLANG_WARN_NON_LITERAL_NULL_CONVERSION = YES;
				CLANG_WARN_OBJC_IMPLICIT_RETAIN_SELF = YES;
				CLANG_WARN_OBJC_LITERAL_CONVERSION = YES;
				CLANG_WARN_OBJC_ROOT_CLASS = YES_ERROR;
				CLANG_WARN_QUOTED_INCLUDE_IN_FRAMEWORK_HEADER = YES;
				CLANG_WARN_RANGE_LOOP_ANALYSIS = YES;
				CLANG_WARN_STRICT_PROTOTYPES = YES;
				CLANG_WARN_SUSPICIOUS_MOVE = YES;
				CLANG_WARN_UNGUARDED_AVAILABILITY = YES_AGGRESSIVE;
				CLANG_WARN_UNREACHABLE_CODE = YES;
				CLANG_WARN__DUPLICATE_METHOD_MATCH = YES;
				COPY_PHASE_STRIP = NO;
				DEBUG_INFORMATION_FORMAT = "dwarf-with-dsym";
				ENABLE_NS_ASSERTIONS = NO;
				ENABLE_STRICT_OBJC_MSGSEND = YES;
				GCC_C_LANGUAGE_STANDARD = gnu11;
				GCC_NO_COMMON_BLOCKS = YES;
				GCC_WARN_64_TO_32_BIT_CONVERSION = YES;
				GCC_WARN_ABOUT_RETURN_TYPE = YES_ERROR;
				GCC_WARN_UNDECLARED_SELECTOR = YES;
				GCC_WARN_UNINITIALIZED_AUTOS = YES_AGGRESSIVE;
				GCC_WARN_UNUSED_FUNCTION = YES;
				GCC_WARN_UNUSED_VARIABLE = YES;
				IPHONEOS_DEPLOYMENT_TARGET = 13.5;
				MTL_ENABLE_DEBUG_INFO = NO;
				MTL_FAST_MATH = YES;
				SDKROOT = iphoneos;
				SWIFT_COMPILATION_MODE = wholemodule;
				SWIFT_OPTIMIZATION_LEVEL = "-O";
				VALIDATE_PRODUCT = YES;
			};
			name = Release;
		};
		C14FA52F24D1CBD6008CA79C /* Debug */ = {
			isa = XCBuildConfiguration;
			buildSettings = {
				ASSETCATALOG_COMPILER_APPICON_NAME = AppIcon;
				ASSETCATALOG_COMPILER_GLOBAL_ACCENT_COLOR_NAME = AccentColor;
				CODE_SIGN_STYLE = Automatic;
				DEVELOPMENT_TEAM = WBQ2L8WB2G;
				INFOPLIST_FILE = "TestProblem-Dogs/Info.plist";
				IPHONEOS_DEPLOYMENT_TARGET = 13.5;
				LD_RUNPATH_SEARCH_PATHS = (
					"$(inherited)",
					"@executable_path/Frameworks",
				);
				PRODUCT_BUNDLE_IDENTIFIER = "com.andbog.TestProblem-Dogs";
				PRODUCT_NAME = "$(TARGET_NAME)";
				SWIFT_VERSION = 5.0;
				TARGETED_DEVICE_FAMILY = 1;
			};
			name = Debug;
		};
		C14FA53024D1CBD6008CA79C /* Release */ = {
			isa = XCBuildConfiguration;
			buildSettings = {
				ASSETCATALOG_COMPILER_APPICON_NAME = AppIcon;
				ASSETCATALOG_COMPILER_GLOBAL_ACCENT_COLOR_NAME = AccentColor;
				CODE_SIGN_STYLE = Automatic;
				DEVELOPMENT_TEAM = WBQ2L8WB2G;
				INFOPLIST_FILE = "TestProblem-Dogs/Info.plist";
				IPHONEOS_DEPLOYMENT_TARGET = 13.5;
				LD_RUNPATH_SEARCH_PATHS = (
					"$(inherited)",
					"@executable_path/Frameworks",
				);
				PRODUCT_BUNDLE_IDENTIFIER = "com.andbog.TestProblem-Dogs";
				PRODUCT_NAME = "$(TARGET_NAME)";
				SWIFT_VERSION = 5.0;
				TARGETED_DEVICE_FAMILY = 1;
			};
			name = Release;
		};
/* End XCBuildConfiguration section */

/* Begin XCConfigurationList section */
		C14FA51224D1CBD4008CA79C /* Build configuration list for PBXProject "TestProblem-Dogs" */ = {
			isa = XCConfigurationList;
			buildConfigurations = (
				C14FA52C24D1CBD6008CA79C /* Debug */,
				C14FA52D24D1CBD6008CA79C /* Release */,
			);
			defaultConfigurationIsVisible = 0;
			defaultConfigurationName = Release;
		};
		C14FA52E24D1CBD6008CA79C /* Build configuration list for PBXNativeTarget "TestProblem-Dogs" */ = {
			isa = XCConfigurationList;
			buildConfigurations = (
				C14FA52F24D1CBD6008CA79C /* Debug */,
				C14FA53024D1CBD6008CA79C /* Release */,
			);
			defaultConfigurationIsVisible = 0;
			defaultConfigurationName = Release;
		};
/* End XCConfigurationList section */

/* Begin XCRemoteSwiftPackageReference section */
		C14FA54324D1EC51008CA79C /* XCRemoteSwiftPackageReference "Alamofire" */ = {
			isa = XCRemoteSwiftPackageReference;
			repositoryURL = "https://github.com/Alamofire/Alamofire.git";
			requirement = {
				kind = upToNextMajorVersion;
				minimumVersion = 5.2.2;
			};
		};
		C16E285C24D44BF6009782CE /* XCRemoteSwiftPackageReference "Kingfisher" */ = {
			isa = XCRemoteSwiftPackageReference;
			repositoryURL = "https://github.com/onevcat/Kingfisher.git";
			requirement = {
				kind = upToNextMajorVersion;
				minimumVersion = 5.14.1;
			};
		};
		C16E286324D5CB1C009782CE /* XCRemoteSwiftPackageReference "realm-cocoa" */ = {
			isa = XCRemoteSwiftPackageReference;
			repositoryURL = "https://github.com/realm/realm-cocoa.git";
			requirement = {
				kind = upToNextMajorVersion;
				minimumVersion = 5.3.3;
			};
		};
/* End XCRemoteSwiftPackageReference section */

/* Begin XCSwiftPackageProductDependency section */
		C14FA54424D1EC51008CA79C /* Alamofire */ = {
			isa = XCSwiftPackageProductDependency;
			package = C14FA54324D1EC51008CA79C /* XCRemoteSwiftPackageReference "Alamofire" */;
			productName = Alamofire;
		};
		C16E285D24D44BF6009782CE /* Kingfisher */ = {
			isa = XCSwiftPackageProductDependency;
			package = C16E285C24D44BF6009782CE /* XCRemoteSwiftPackageReference "Kingfisher" */;
			productName = Kingfisher;
		};
		C16E286424D5CB1C009782CE /* RealmSwift */ = {
			isa = XCSwiftPackageProductDependency;
			package = C16E286324D5CB1C009782CE /* XCRemoteSwiftPackageReference "realm-cocoa" */;
			productName = RealmSwift;
		};
/* End XCSwiftPackageProductDependency section */

/* Begin XCVersionGroup section */
		C14FA52324D1CBD4008CA79C /* TestProblem_Dogs.xcdatamodeld */ = {
			isa = XCVersionGroup;
			children = (
				C14FA52424D1CBD4008CA79C /* TestProblem_Dogs.xcdatamodel */,
			);
			currentVersion = C14FA52424D1CBD4008CA79C /* TestProblem_Dogs.xcdatamodel */;
			path = TestProblem_Dogs.xcdatamodeld;
			sourceTree = "<group>";
			versionGroupType = wrapper.xcdatamodel;
		};
/* End XCVersionGroup section */
	};
	rootObject = C14FA50F24D1CBD4008CA79C /* Project object */;
}
